
Microsoft Visual Studio Solution File, Format Version 12.00
# Visual Studio Version 17
VisualStudioVersion = 17.14.36109.1 d17.14
MinimumVisualStudioVersion = 10.0.40219.1
Project("{FAE04EC0-301F-11D3-BF4B-00C04F79EFBC}") = "APIHindi", "APIHindi\APIHindi.csproj", "{59E6A9DB-ECE7-4FED-8A5E-EF92640B8193}"
EndProject
Global
	GlobalSection(SolutionConfigurationPlatforms) = preSolution
		Debug|Any CPU = Debug|Any CPU
		Release|Any CPU = Release|Any CPU
	EndGlobalSection
	GlobalSection(ProjectConfigurationPlatforms) = postSolution
		{59E6A9DB-ECE7-4FED-8A5E-EF92640B8193}.Debug|Any CPU.ActiveCfg = Debug|Any CPU
		{59E6A9DB-ECE7-4FED-8A5E-EF92640B8193}.Debug|Any CPU.Build.0 = Debug|Any CPU
		{59E6A9DB-ECE7-4FED-8A5E-EF92640B8193}.Release|Any CPU.ActiveCfg = Release|Any CPU
		{59E6A9DB-ECE7-4FED-8A5E-EF92640B8193}.Release|Any CPU.Build.0 = Release|Any CPU
	EndGlobalSection
	GlobalSection(SolutionProperties) = preSolution
		HideSolutionNode = FALSE
	EndGlobalSection
	GlobalSection(ExtensibilityGlobals) = postSolution
		SolutionGuid = {BFEF006A-1B7D-4697-8291-B1854429E563}
	EndGlobalSection
EndGlobal
